
Microsoft Visual Studio Solution File, Format Version 12.00
# Visual Studio 15
VisualStudioVersion = 15.0.28307.1022
MinimumVisualStudioVersion = 10.0.40219.1
Project("{FAE04EC0-301F-11D3-BF4B-00C04F79EFBC}") = "InvoiceRegister.Application", "InvoiceRegister\InvoiceRegister.Application.csproj", "{36781E49-82EC-4BCF-B2DC-8374C06CA285}"
EndProject
Project("{FAE04EC0-301F-11D3-BF4B-00C04F79EFBC}") = "InvoiceRegister.Data", "InvoiceRegister.Data\InvoiceRegister.Data.csproj", "{3C8981BC-6FCC-40C6-AA88-9EB7A328B7F4}"
EndProject
Project("{FAE04EC0-301F-11D3-BF4B-00C04F79EFBC}") = "InvoiceRegister.Common", "InvoiceRegister.Common\InvoiceRegister.Common.csproj", "{2735F96A-26AD-4774-BC56-5EA2DFA7F4FF}"
EndProject
Project("{FAE04EC0-301F-11D3-BF4B-00C04F79EFBC}") = "InvoiceRegister.Business", "InvoiceRegister.Business\InvoiceRegister.Business.csproj", "{BF9C6243-5C5C-4841-9BFB-839D92168C8E}"
EndProject
Global
	GlobalSection(SolutionConfigurationPlatforms) = preSolution
		Debug|Any CPU = Debug|Any CPU
		Release|Any CPU = Release|Any CPU
	EndGlobalSection
	GlobalSection(ProjectConfigurationPlatforms) = postSolution
		{36781E49-82EC-4BCF-B2DC-8374C06CA285}.Debug|Any CPU.ActiveCfg = Debug|Any CPU
		{36781E49-82EC-4BCF-B2DC-8374C06CA285}.Debug|Any CPU.Build.0 = Debug|Any CPU
		{36781E49-82EC-4BCF-B2DC-8374C06CA285}.Release|Any CPU.ActiveCfg = Release|Any CPU
		{36781E49-82EC-4BCF-B2DC-8374C06CA285}.Release|Any CPU.Build.0 = Release|Any CPU
		{3C8981BC-6FCC-40C6-AA88-9EB7A328B7F4}.Debug|Any CPU.ActiveCfg = Debug|Any CPU
		{3C8981BC-6FCC-40C6-AA88-9EB7A328B7F4}.Debug|Any CPU.Build.0 = Debug|Any CPU
		{3C8981BC-6FCC-40C6-AA88-9EB7A328B7F4}.Release|Any CPU.ActiveCfg = Release|Any CPU
		{3C8981BC-6FCC-40C6-AA88-9EB7A328B7F4}.Release|Any CPU.Build.0 = Release|Any CPU
		{2735F96A-26AD-4774-BC56-5EA2DFA7F4FF}.Debug|Any CPU.ActiveCfg = Debug|Any CPU
		{2735F96A-26AD-4774-BC56-5EA2DFA7F4FF}.Debug|Any CPU.Build.0 = Debug|Any CPU
		{2735F96A-26AD-4774-BC56-5EA2DFA7F4FF}.Release|Any CPU.ActiveCfg = Release|Any CPU
		{2735F96A-26AD-4774-BC56-5EA2DFA7F4FF}.Release|Any CPU.Build.0 = Release|Any CPU
		{BF9C6243-5C5C-4841-9BFB-839D92168C8E}.Debug|Any CPU.ActiveCfg = Debug|Any CPU
		{BF9C6243-5C5C-4841-9BFB-839D92168C8E}.Debug|Any CPU.Build.0 = Debug|Any CPU
		{BF9C6243-5C5C-4841-9BFB-839D92168C8E}.Release|Any CPU.ActiveCfg = Release|Any CPU
		{BF9C6243-5C5C-4841-9BFB-839D92168C8E}.Release|Any CPU.Build.0 = Release|Any CPU
	EndGlobalSection
	GlobalSection(SolutionProperties) = preSolution
		HideSolutionNode = FALSE
	EndGlobalSection
	GlobalSection(ExtensibilityGlobals) = postSolution
		SolutionGuid = {15806D1B-D06B-4515-87B5-3E61E488741A}
	EndGlobalSection
EndGlobal
